// !$*UTF8*$!
{
	archiveVersion = 1;
	classes = {
	};
	objectVersion = 90;
	objects = {

/* Begin PBXBuildFile section */
		6D02B96D2F07C92E0017F217 /* Assets.xcassets in Resources */ = {isa = PBXBuildFile; fileRef = 6D02B96C2F07C92E0017F217 /* Assets.xcassets */; };
		6D02B9802F07C9410017F217 /* UPDATE_README.md in Resources */ = {isa = PBXBuildFile; fileRef = 6D02B97F2F07C9410017F217 /* UPDATE_README.md */; };
		6D02B9812F07C9410017F217 /* README.md in Resources */ = {isa = PBXBuildFile; fileRef = 6D02B97E2F07C9410017F217 /* README.md */; };
		6D02B9822F07C9410017F217 /* Makefile in Sources */ = {isa = PBXBuildFile; fileRef = 6D02B97D2F07C9410017F217 /* Makefile */; };
		6D02B9842F07C9580017F217 /* .gitignore in Resources */ = {isa = PBXBuildFile; fileRef = 6D02B9832F07C9580017F217 /* .gitignore */; };
/* End PBXBuildFile section */

/* Begin PBXFileReference section */
		6D02B9462F07C7780017F217 /* snmpproxyclient.app */ = {isa = PBXFileReference; explicitFileType = wrapper.application; includeInIndex = 0; path = snmpproxyclient.app; sourceTree = BUILT_PRODUCTS_DIR; };
		6D02B96C2F07C92E0017F217 /* Assets.xcassets */ = {isa = PBXFileReference; lastKnownFileType = folder.assetcatalog; path = Assets.xcassets; sourceTree = "<group>"; };
		6D02B97D2F07C9410017F217 /* Makefile */ = {isa = PBXFileReference; lastKnownFileType = sourcecode.make; path = Makefile; sourceTree = "<group>"; };
		6D02B97E2F07C9410017F217 /* README.md */ = {isa = PBXFileReference; lastKnownFileType = net.daringfireball.markdown; path = README.md; sourceTree = "<group>"; };
		6D02B97F2F07C9410017F217 /* UPDATE_README.md */ = {isa = PBXFileReference; lastKnownFileType = net.daringfireball.markdown; path = UPDATE_README.md; sourceTree = "<group>"; };
		6D02B9832F07C9580017F217 /* .gitignore */ = {isa = PBXFileReference; lastKnownFileType = text; path = .gitignore; sourceTree = "<group>"; };
/* End PBXFileReference section */

/* Begin PBXFileSystemSynchronizedBuildFileExceptionSet section */
		6D02B9AC2F07C9DD0017F217 /* Exceptions for "App" folder in "snmpproxyclient" target */ = {
			isa = PBXFileSystemSynchronizedBuildFileExceptionSet;
			membershipExceptions = (
				SNMPProxyClientApp.swift,
			);
			target = 6D02B9452F07C7780017F217 /* snmpproxyclient */;
		};
		6D02B9AD2F07C9DD0017F217 /* Exceptions for "Models" folder in "snmpproxyclient" target */ = {
			isa = PBXFileSystemSynchronizedBuildFileExceptionSet;
			membershipExceptions = (
				Proto/snmpproxy.pb.swift,
			);
			target = 6D02B9452F07C7780017F217 /* snmpproxyclient */;
		};
		6D02B9AE2F07C9DD0017F217 /* Exceptions for "Network" folder in "snmpproxyclient" target */ = {
			isa = PBXFileSystemSynchronizedBuildFileExceptionSet;
			membershipExceptions = (
				ConnectionState.swift,
				ProxyClient.swift,
				WireProtocol.swift,
			);
			target = 6D02B9452F07C7780017F217 /* snmpproxyclient */;
		};
		6D02B9AF2F07C9DD0017F217 /* Exceptions for "Services" folder in "snmpproxyclient" target */ = {
			isa = PBXFileSystemSynchronizedBuildFileExceptionSet;
			membershipExceptions = (
				TimeSeriesStore.swift,
			);
			target = 6D02B9452F07C7780017F217 /* snmpproxyclient */;
		};
		6D02B9B02F07C9DD0017F217 /* Exceptions for "Views" folder in "snmpproxyclient" target */ = {
			isa = PBXFileSystemSynchronizedBuildFileExceptionSet;
			membershipExceptions = (
				AddTargetSheet.swift,
				ConfigView.swift,
				ConnectSheet.swift,
				ContentView.swift,
				LiveGraphView.swift,
				ServerStatusView.swift,
				SessionInfoView.swift,
				SettingsView.swift,
				TargetDetailView.swift,
			);
			target = 6D02B9452F07C7780017F217 /* snmpproxyclient */;
		};
/* End PBXFileSystemSynchronizedBuildFileExceptionSet section */

/* Begin PBXFileSystemSynchronizedRootGroup section */
		6D02B9862F07C9DC0017F217 /* App */ = {
			isa = PBXFileSystemSynchronizedRootGroup;
			exceptions = (
				6D02B9AC2F07C9DD0017F217 /* Exceptions for "App" folder in "snmpproxyclient" target */,
			);
			path = App;
			sourceTree = "<group>";
		};
		6D02B9892F07C9DC0017F217 /* Models */ = {
			isa = PBXFileSystemSynchronizedRootGroup;
			exceptions = (
				6D02B9AD2F07C9DD0017F217 /* Exceptions for "Models" folder in "snmpproxyclient" target */,
			);
			path = Models;
			sourceTree = "<group>";
		};
		6D02B98D2F07C9DC0017F217 /* Network */ = {
			isa = PBXFileSystemSynchronizedRootGroup;
			exceptions = (
				6D02B9AE2F07C9DD0017F217 /* Exceptions for "Network" folder in "snmpproxyclient" target */,
			);
			path = Network;
			sourceTree = "<group>";
		};
		6D02B98F2F07C9DC0017F217 /* Proto */ = {
			isa = PBXFileSystemSynchronizedRootGroup;
			path = Proto;
			sourceTree = "<group>";
		};
		6D02B9912F07C9DC0017F217 /* Services */ = {
			isa = PBXFileSystemSynchronizedRootGroup;
			exceptions = (
				6D02B9AF2F07C9DD0017F217 /* Exceptions for "Services" folder in "snmpproxyclient" target */,
			);
			path = Services;
			sourceTree = "<group>";
		};
		6D02B99B2F07C9DC0017F217 /* Views */ = {
			isa = PBXFileSystemSynchronizedRootGroup;
			exceptions = (
				6D02B9B02F07C9DD0017F217 /* Exceptions for "Views" folder in "snmpproxyclient" target */,
			);
			path = Views;
			sourceTree = "<group>";
		};
/* End PBXFileSystemSynchronizedRootGroup section */

/* Begin PBXFrameworksBuildPhase section */
		6D02B9432F07C7780017F217 /* Frameworks */ = {
			isa = PBXFrameworksBuildPhase;
			files = (
			);
		};
/* End PBXFrameworksBuildPhase section */

/* Begin PBXGroup section */
		6D02B93D2F07C7780017F217 = {
			isa = PBXGroup;
			children = (
				6D02B9472F07C7780017F217 /* Products */,
				6D02B9862F07C9DC0017F217 /* App */,
				6D02B9892F07C9DC0017F217 /* Models */,
				6D02B98D2F07C9DC0017F217 /* Network */,
				6D02B98F2F07C9DC0017F217 /* Proto */,
				6D02B9912F07C9DC0017F217 /* Services */,
				6D02B99B2F07C9DC0017F217 /* Views */,
				6D02B9832F07C9580017F217 /* .gitignore */,
				6D02B96C2F07C92E0017F217 /* Assets.xcassets */,
				6D02B97D2F07C9410017F217 /* Makefile */,
				6D02B97E2F07C9410017F217 /* README.md */,
				6D02B97F2F07C9410017F217 /* UPDATE_README.md */,
			);
			sourceTree = "<group>";
		};
		6D02B9472F07C7780017F217 /* Products */ = {
			isa = PBXGroup;
			children = (
				6D02B9462F07C7780017F217 /* snmpproxyclient.app */,
			);
			name = Products;
			sourceTree = "<group>";
		};
/* End PBXGroup section */

/* Begin PBXNativeTarget section */
		6D02B9452F07C7780017F217 /* snmpproxyclient */ = {
			isa = PBXNativeTarget;
			buildConfigurationList = 6D02B9512F07C77A0017F217 /* Build configuration list for PBXNativeTarget "snmpproxyclient" */;
			buildPhases = (
				6D02B9422F07C7780017F217 /* Sources */,
				6D02B9432F07C7780017F217 /* Frameworks */,
				6D02B9442F07C7780017F217 /* Resources */,
			);
			buildRules = (
			);
			fileSystemSynchronizedGroups = (
				6D02B98F2F07C9DC0017F217 /* Proto */,
			);
			name = snmpproxyclient;
			productName = snmpproxyclient;
			productReference = 6D02B9462F07C7780017F217 /* snmpproxyclient.app */;
			productType = "com.apple.product-type.application";
		};
/* End PBXNativeTarget section */

/* Begin PBXProject section */
		6D02B93E2F07C7780017F217 /* Project object */ = {
			isa = PBXProject;
			attributes = {
				BuildIndependentTargetsInParallel = 1;
				LastSwiftUpdateCheck = 2620;
				LastUpgradeCheck = 2620;
				TargetAttributes = {
					6D02B9452F07C7780017F217 = {
						CreatedOnToolsVersion = 26.2;
					};
				};
			};
			buildConfigurationList = 6D02B9412F07C7780017F217 /* Build configuration list for PBXProject "snmpproxyclient" */;
			developmentRegion = en;
			hasScannedForEncodings = 0;
			knownRegions = (
				en,
				Base,
			);
			mainGroup = 6D02B93D2F07C7780017F217;
			minimizedProjectReferenceProxies = 1;
			preferredProjectObjectVersion = 90;
			productRefGroup = 6D02B9472F07C7780017F217 /* Products */;
			projectDirPath = "";
			projectRoot = "";
			targets = (
				6D02B9452F07C7780017F217 /* snmpproxyclient */,
			);
		};
/* End PBXProject section */

/* Begin PBXResourcesBuildPhase section */
		6D02B9442F07C7780017F217 /* Resources */ = {
			isa = PBXResourcesBuildPhase;
			files = (
				6D02B9842F07C9580017F217 /* .gitignore in Resources */,
				6D02B96D2F07C92E0017F217 /* Assets.xcassets in Resources */,
				6D02B9802F07C9410017F217 /* UPDATE_README.md in Resources */,
				6D02B9812F07C9410017F217 /* README.md in Resources */,
			);
		};
/* End PBXResourcesBuildPhase section */

/* Begin PBXSourcesBuildPhase section */
		6D02B9422F07C7780017F217 /* Sources */ = {
			isa = PBXSourcesBuildPhase;
			files = (
				6D02B9822F07C9410017F217 /* Makefile in Sources */,
			);
		};
/* End PBXSourcesBuildPhase section */

/* Begin XCBuildConfiguration section */
		6D02B94F2F07C77A0017F217 /* Debug configuration for PBXProject "snmpproxyclient" */ = {
			isa = XCBuildConfiguration;
			buildSettings = {
				ALWAYS_SEARCH_USER_PATHS = NO;
				ASSETCATALOG_COMPILER_GENERATE_SWIFT_ASSET_SYMBOL_EXTENSIONS = YES;
				CLANG_ANALYZER_NONNULL = YES;
				CLANG_ANALYZER_NUMBER_OBJECT_CONVERSION = YES_AGGRESSIVE;
				CLANG_CXX_LANGUAGE_STANDARD = "gnu++20";
				CLANG_ENABLE_MODULES = YES;
				CLANG_ENABLE_OBJC_ARC = YES;
				CLANG_ENABLE_OBJC_WEAK = YES;
				CLANG_WARN_BLOCK_CAPTURE_AUTORELEASING = YES;
				CLANG_WARN_BOOL_CONVERSION = YES;
				CLANG_WARN_COMMA = YES;
				CLANG_WARN_CONSTANT_CONVERSION = YES;
				CLANG_WARN_DEPRECATED_OBJC_IMPLEMENTATIONS = YES;
				CLANG_WARN_DIRECT_OBJC_ISA_USAGE = YES_ERROR;
				CLANG_WARN_DOCUMENTATION_COMMENTS = YES;
				CLANG_WARN_EMPTY_BODY = YES;
				CLANG_WARN_ENUM_CONVERSION = YES;
				CLANG_WARN_INFINITE_RECURSION = YES;
				CLANG_WARN_INT_CONVERSION = YES;
				CLANG_WARN_NON_LITERAL_NULL_CONVERSION = YES;
				CLANG_WARN_OBJC_IMPLICIT_RETAIN_SELF = YES;
				CLANG_WARN_OBJC_LITERAL_CONVERSION = YES;
				CLANG_WARN_OBJC_ROOT_CLASS = YES_ERROR;
				CLANG_WARN_QUOTED_INCLUDE_IN_FRAMEWORK_HEADER = YES;
				CLANG_WARN_RANGE_LOOP_ANALYSIS = YES;
				CLANG_WARN_STRICT_PROTOTYPES = YES;
				CLANG_WARN_SUSPICIOUS_MOVE = YES;
				CLANG_WARN_UNGUARDED_AVAILABILITY = YES_AGGRESSIVE;
				CLANG_WARN_UNREACHABLE_CODE = YES;
				CLANG_WARN__DUPLICATE_METHOD_MATCH = YES;
				COPY_PHASE_STRIP = NO;
				DEBUG_INFORMATION_FORMAT = dwarf;
				ENABLE_STRICT_OBJC_MSGSEND = YES;
				ENABLE_TESTABILITY = YES;
				ENABLE_USER_SCRIPT_SANDBOXING = YES;
				GCC_C_LANGUAGE_STANDARD = gnu17;
				GCC_DYNAMIC_NO_PIC = NO;
				GCC_NO_COMMON_BLOCKS = YES;
				GCC_OPTIMIZATION_LEVEL = 0;
				GCC_PREPROCESSOR_DEFINITIONS = (
					"DEBUG=1",
					"$(inherited)",
				);
				GCC_WARN_64_TO_32_BIT_CONVERSION = YES;
				GCC_WARN_ABOUT_RETURN_TYPE = YES_ERROR;
				GCC_WARN_UNDECLARED_SELECTOR = YES;
				GCC_WARN_UNINITIALIZED_AUTOS = YES_AGGRESSIVE;
				GCC_WARN_UNUSED_FUNCTION = YES;
				GCC_WARN_UNUSED_VARIABLE = YES;
				LOCALIZATION_PREFERS_STRING_CATALOGS = YES;
				MACOSX_DEPLOYMENT_TARGET = 15.7;
				MTL_ENABLE_DEBUG_INFO = INCLUDE_SOURCE;
				MTL_FAST_MATH = YES;
				ONLY_ACTIVE_ARCH = YES;
				SDKROOT = macosx;
				SWIFT_ACTIVE_COMPILATION_CONDITIONS = "DEBUG $(inherited)";
				SWIFT_OPTIMIZATION_LEVEL = "-Onone";
			};
			name = Debug;
		};
		6D02B9502F07C77A0017F217 /* Release configuration for PBXProject "snmpproxyclient" */ = {
			isa = XCBuildConfiguration;
			buildSettings = {
				ALWAYS_SEARCH_USER_PATHS = NO;
				ASSETCATALOG_COMPILER_GENERATE_SWIFT_ASSET_SYMBOL_EXTENSIONS = YES;
				CLANG_ANALYZER_NONNULL = YES;
				CLANG_ANALYZER_NUMBER_OBJECT_CONVERSION = YES_AGGRESSIVE;
				CLANG_CXX_LANGUAGE_STANDARD = "gnu++20";
				CLANG_ENABLE_MODULES = YES;
				CLANG_ENABLE_OBJC_ARC = YES;
				CLANG_ENABLE_OBJC_WEAK = YES;
				CLANG_WARN_BLOCK_CAPTURE_AUTORELEASING = YES;
				CLANG_WARN_BOOL_CONVERSION = YES;
				CLANG_WARN_COMMA = YES;
				CLANG_WARN_CONSTANT_CONVERSION = YES;
				CLANG_WARN_DEPRECATED_OBJC_IMPLEMENTATIONS = YES;
				CLANG_WARN_DIRECT_OBJC_ISA_USAGE = YES_ERROR;
				CLANG_WARN_DOCUMENTATION_COMMENTS = YES;
				CLANG_WARN_EMPTY_BODY = YES;
				CLANG_WARN_ENUM_CONVERSION = YES;
				CLANG_WARN_INFINITE_RECURSION = YES;
				CLANG_WARN_INT_CONVERSION = YES;
				CLANG_WARN_NON_LITERAL_NULL_CONVERSION = YES;
				CLANG_WARN_OBJC_IMPLICIT_RETAIN_SELF = YES;
				CLANG_WARN_OBJC_LITERAL_CONVERSION = YES;
				CLANG_WARN_OBJC_ROOT_CLASS = YES_ERROR;
				CLANG_WARN_QUOTED_INCLUDE_IN_FRAMEWORK_HEADER = YES;
				CLANG_WARN_RANGE_LOOP_ANALYSIS = YES;
				CLANG_WARN_STRICT_PROTOTYPES = YES;
				CLANG_WARN_SUSPICIOUS_MOVE = YES;
				CLANG_WARN_UNGUARDED_AVAILABILITY = YES_AGGRESSIVE;
				CLANG_WARN_UNREACHABLE_CODE = YES;
				CLANG_WARN__DUPLICATE_METHOD_MATCH = YES;
				COPY_PHASE_STRIP = NO;
				DEBUG_INFORMATION_FORMAT = "dwarf-with-dsym";
				ENABLE_NS_ASSERTIONS = NO;
				ENABLE_STRICT_OBJC_MSGSEND = YES;
				ENABLE_USER_SCRIPT_SANDBOXING = YES;
				GCC_C_LANGUAGE_STANDARD = gnu17;
				GCC_NO_COMMON_BLOCKS = YES;
				GCC_WARN_64_TO_32_BIT_CONVERSION = YES;
				GCC_WARN_ABOUT_RETURN_TYPE = YES_ERROR;
				GCC_WARN_UNDECLARED_SELECTOR = YES;
				GCC_WARN_UNINITIALIZED_AUTOS = YES_AGGRESSIVE;
				GCC_WARN_UNUSED_FUNCTION = YES;
				GCC_WARN_UNUSED_VARIABLE = YES;
				LOCALIZATION_PREFERS_STRING_CATALOGS = YES;
				MACOSX_DEPLOYMENT_TARGET = 15.7;
				MTL_ENABLE_DEBUG_INFO = NO;
				MTL_FAST_MATH = YES;
				SDKROOT = macosx;
				SWIFT_COMPILATION_MODE = wholemodule;
			};
			name = Release;
		};
		6D02B9522F07C77A0017F217 /* Debug configuration for PBXNativeTarget "snmpproxyclient" */ = {
			isa = XCBuildConfiguration;
			buildSettings = {
				ASSETCATALOG_COMPILER_APPICON_NAME = AppIcon;
				ASSETCATALOG_COMPILER_GLOBAL_ACCENT_COLOR_NAME = AccentColor;
				CODE_SIGN_STYLE = Automatic;
				COMBINE_HIDPI_IMAGES = YES;
				CURRENT_PROJECT_VERSION = 1;
				ENABLE_APP_SANDBOX = YES;
				ENABLE_INCOMING_NETWORK_CONNECTIONS = YES;
				ENABLE_OUTGOING_NETWORK_CONNECTIONS = YES;
				ENABLE_PREVIEWS = YES;
				ENABLE_RESOURCE_ACCESS_AUDIO_INPUT = NO;
				ENABLE_RESOURCE_ACCESS_BLUETOOTH = NO;
				ENABLE_RESOURCE_ACCESS_CALENDARS = NO;
				ENABLE_RESOURCE_ACCESS_CAMERA = NO;
				ENABLE_RESOURCE_ACCESS_CONTACTS = NO;
				ENABLE_RESOURCE_ACCESS_LOCATION = NO;
				ENABLE_RESOURCE_ACCESS_PRINTING = NO;
				ENABLE_RESOURCE_ACCESS_USB = NO;
				ENABLE_USER_SELECTED_FILES = readonly;
				GENERATE_INFOPLIST_FILE = YES;
				INFOPLIST_KEY_NSHumanReadableCopyright = "";
				LD_RUNPATH_SEARCH_PATHS = (
					"$(inherited)",
					"@executable_path/../Frameworks",
				);
				MARKETING_VERSION = 1.0;
				PRODUCT_BUNDLE_IDENTIFIER = my.snmpproxyclient;
				PRODUCT_NAME = "$(TARGET_NAME)";
				REGISTER_APP_GROUPS = YES;
				STRING_CATALOG_GENERATE_SYMBOLS = YES;
				SWIFT_APPROACHABLE_CONCURRENCY = YES;
				SWIFT_DEFAULT_ACTOR_ISOLATION = nonisolated;
				SWIFT_EMIT_LOC_STRINGS = YES;
				SWIFT_UPCOMING_FEATURE_MEMBER_IMPORT_VISIBILITY = YES;
				SWIFT_VERSION = 5.0;
			};
			name = Debug;
		};
		6D02B9532F07C77A0017F217 /* Release configuration for PBXNativeTarget "snmpproxyclient" */ = {
			isa = XCBuildConfiguration;
			buildSettings = {
				ASSETCATALOG_COMPILER_APPICON_NAME = AppIcon;
				ASSETCATALOG_COMPILER_GLOBAL_ACCENT_COLOR_NAME = AccentColor;
				CODE_SIGN_STYLE = Automatic;
				COMBINE_HIDPI_IMAGES = YES;
				CURRENT_PROJECT_VERSION = 1;
				ENABLE_APP_SANDBOX = YES;
				ENABLE_INCOMING_NETWORK_CONNECTIONS = YES;
				ENABLE_OUTGOING_NETWORK_CONNECTIONS = YES;
				ENABLE_PREVIEWS = YES;
				ENABLE_RESOURCE_ACCESS_AUDIO_INPUT = NO;
				ENABLE_RESOURCE_ACCESS_BLUETOOTH = NO;
				ENABLE_RESOURCE_ACCESS_CALENDARS = NO;
				ENABLE_RESOURCE_ACCESS_CAMERA = NO;
				ENABLE_RESOURCE_ACCESS_CONTACTS = NO;
				ENABLE_RESOURCE_ACCESS_LOCATION = NO;
				ENABLE_RESOURCE_ACCESS_PRINTING = NO;
				ENABLE_RESOURCE_ACCESS_USB = NO;
				ENABLE_USER_SELECTED_FILES = readonly;
				GENERATE_INFOPLIST_FILE = YES;
				INFOPLIST_KEY_NSHumanReadableCopyright = "";
				LD_RUNPATH_SEARCH_PATHS = (
					"$(inherited)",
					"@executable_path/../Frameworks",
				);
				MARKETING_VERSION = 1.0;
				PRODUCT_BUNDLE_IDENTIFIER = my.snmpproxyclient;
				PRODUCT_NAME = "$(TARGET_NAME)";
				REGISTER_APP_GROUPS = YES;
				STRING_CATALOG_GENERATE_SYMBOLS = YES;
				SWIFT_APPROACHABLE_CONCURRENCY = YES;
				SWIFT_DEFAULT_ACTOR_ISOLATION = nonisolated;
				SWIFT_EMIT_LOC_STRINGS = YES;
				SWIFT_UPCOMING_FEATURE_MEMBER_IMPORT_VISIBILITY = YES;
				SWIFT_VERSION = 5.0;
			};
			name = Release;
		};
/* End XCBuildConfiguration section */

/* Begin XCConfigurationList section */
		6D02B9412F07C7780017F217 /* Build configuration list for PBXProject "snmpproxyclient" */ = {
			isa = XCConfigurationList;
			buildConfigurations = (
				6D02B94F2F07C77A0017F217 /* Debug configuration for PBXProject "snmpproxyclient" */,
				6D02B9502F07C77A0017F217 /* Release configuration for PBXProject "snmpproxyclient" */,
			);
			defaultConfigurationName = Release;
		};
		6D02B9512F07C77A0017F217 /* Build configuration list for PBXNativeTarget "snmpproxyclient" */ = {
			isa = XCConfigurationList;
			buildConfigurations = (
				6D02B9522F07C77A0017F217 /* Debug configuration for PBXNativeTarget "snmpproxyclient" */,
				6D02B9532F07C77A0017F217 /* Release configuration for PBXNativeTarget "snmpproxyclient" */,
			);
			defaultConfigurationName = Release;
		};
/* End XCConfigurationList section */
	};
	rootObject = 6D02B93E2F07C7780017F217 /* Project object */;
}
